// !$*UTF8*$!
{
	archiveVersion = 1;
	classes = {
	};
	objectVersion = 56;
	objects = {

/* Begin PBXBuildFile section */
		33220B33299D724C000778DB /* AppInfoClient.Author.swift in Sources */ = {isa = PBXBuildFile; fileRef = 33220B32299D724C000778DB /* AppInfoClient.Author.swift */; };
		33220B35299D727A000778DB /* AppInfoClient.swift in Sources */ = {isa = PBXBuildFile; fileRef = 33220B34299D727A000778DB /* AppInfoClient.swift */; };
		33220B37299D729B000778DB /* AppInfoClient+live.swift in Sources */ = {isa = PBXBuildFile; fileRef = 33220B36299D729B000778DB /* AppInfoClient+live.swift */; };
		33774410299E994B009F14AD /* WatersourceTests.swift in Sources */ = {isa = PBXBuildFile; fileRef = 3377440F299E994B009F14AD /* WatersourceTests.swift */; };
		33774412299E9961009F14AD /* WatersourceDetailsTests.swift in Sources */ = {isa = PBXBuildFile; fileRef = 33774411299E9961009F14AD /* WatersourceDetailsTests.swift */; };
		3390C202299C3FE700BD627E /* RemoteDatabaseClient.swift in Sources */ = {isa = PBXBuildFile; fileRef = 3390C201299C3FE700BD627E /* RemoteDatabaseClient.swift */; };
		3390C206299C405000BD627E /* RemoteDatabaseClient.Watersource.swift in Sources */ = {isa = PBXBuildFile; fileRef = 3390C205299C405000BD627E /* RemoteDatabaseClient.Watersource.swift */; };
		3390C208299C409500BD627E /* RemoteDatabaseClient+mock.swift in Sources */ = {isa = PBXBuildFile; fileRef = 3390C207299C409500BD627E /* RemoteDatabaseClient+mock.swift */; };
		3390C20C299C582E00BD627E /* WatersourceDetails.swift in Sources */ = {isa = PBXBuildFile; fileRef = 3390C20B299C582E00BD627E /* WatersourceDetails.swift */; };
		33C93FFA299D911400652558 /* AppInfoClient+test.swift in Sources */ = {isa = PBXBuildFile; fileRef = 33C93FF9299D911400652558 /* AppInfoClient+test.swift */; };
		33C93FFC299D915600652558 /* RemoteDatabaseClient+test.swift in Sources */ = {isa = PBXBuildFile; fileRef = 33C93FFB299D915600652558 /* RemoteDatabaseClient+test.swift */; };
		33C94022299D987B00652558 /* AppReducerTests.swift in Sources */ = {isa = PBXBuildFile; fileRef = 33C94021299D987B00652558 /* AppReducerTests.swift */; };
		33C94029299D98AD00652558 /* ReadMeTests.swift in Sources */ = {isa = PBXBuildFile; fileRef = 33C94028299D98AD00652558 /* ReadMeTests.swift */; };
		33EF6820299C1A2E005DBC8B /* Main.swift in Sources */ = {isa = PBXBuildFile; fileRef = 33EF681F299C1A2E005DBC8B /* Main.swift */; };
		33EF6824299C1A2F005DBC8B /* Assets.xcassets in Resources */ = {isa = PBXBuildFile; fileRef = 33EF6823299C1A2F005DBC8B /* Assets.xcassets */; };
		33EF6827299C1A2F005DBC8B /* Preview Assets.xcassets in Resources */ = {isa = PBXBuildFile; fileRef = 33EF6826299C1A2F005DBC8B /* Preview Assets.xcassets */; };
		33EF682F299C22CF005DBC8B /* ComposableArchitecture in Frameworks */ = {isa = PBXBuildFile; productRef = 33EF682E299C22CF005DBC8B /* ComposableArchitecture */; };
		33EF6831299C2859005DBC8B /* ReadMe.swift in Sources */ = {isa = PBXBuildFile; fileRef = 33EF6830299C2859005DBC8B /* ReadMe.swift */; };
		33EF6835299C37E1005DBC8B /* CoordinateRegion.swift in Sources */ = {isa = PBXBuildFile; fileRef = 33EF6834299C37E1005DBC8B /* CoordinateRegion.swift */; };
		33EF6837299C399B005DBC8B /* Watersource.swift in Sources */ = {isa = PBXBuildFile; fileRef = 33EF6836299C399B005DBC8B /* Watersource.swift */; };
		33EF683A299C3A11005DBC8B /* AppReducer.swift in Sources */ = {isa = PBXBuildFile; fileRef = 33EF6839299C3A11005DBC8B /* AppReducer.swift */; };
/* End PBXBuildFile section */

/* Begin PBXContainerItemProxy section */
		33C94023299D987B00652558 /* PBXContainerItemProxy */ = {
			isa = PBXContainerItemProxy;
			containerPortal = 33EF6814299C1A2E005DBC8B /* Project object */;
			proxyType = 1;
			remoteGlobalIDString = 33EF681B299C1A2E005DBC8B;
			remoteInfo = water;
		};
/* End PBXContainerItemProxy section */

/* Begin PBXFileReference section */
		33220B32299D724C000778DB /* AppInfoClient.Author.swift */ = {isa = PBXFileReference; lastKnownFileType = sourcecode.swift; path = AppInfoClient.Author.swift; sourceTree = "<group>"; };
		33220B34299D727A000778DB /* AppInfoClient.swift */ = {isa = PBXFileReference; lastKnownFileType = sourcecode.swift; path = AppInfoClient.swift; sourceTree = "<group>"; };
		33220B36299D729B000778DB /* AppInfoClient+live.swift */ = {isa = PBXFileReference; lastKnownFileType = sourcecode.swift; path = "AppInfoClient+live.swift"; sourceTree = "<group>"; };
		3377440F299E994B009F14AD /* WatersourceTests.swift */ = {isa = PBXFileReference; lastKnownFileType = sourcecode.swift; path = WatersourceTests.swift; sourceTree = "<group>"; };
		33774411299E9961009F14AD /* WatersourceDetailsTests.swift */ = {isa = PBXFileReference; lastKnownFileType = sourcecode.swift; path = WatersourceDetailsTests.swift; sourceTree = "<group>"; };
		3390C201299C3FE700BD627E /* RemoteDatabaseClient.swift */ = {isa = PBXFileReference; lastKnownFileType = sourcecode.swift; path = RemoteDatabaseClient.swift; sourceTree = "<group>"; };
		3390C205299C405000BD627E /* RemoteDatabaseClient.Watersource.swift */ = {isa = PBXFileReference; lastKnownFileType = sourcecode.swift; path = RemoteDatabaseClient.Watersource.swift; sourceTree = "<group>"; };
		3390C207299C409500BD627E /* RemoteDatabaseClient+mock.swift */ = {isa = PBXFileReference; lastKnownFileType = sourcecode.swift; path = "RemoteDatabaseClient+mock.swift"; sourceTree = "<group>"; };
		3390C20B299C582E00BD627E /* WatersourceDetails.swift */ = {isa = PBXFileReference; lastKnownFileType = sourcecode.swift; path = WatersourceDetails.swift; sourceTree = "<group>"; };
		33C93FF9299D911400652558 /* AppInfoClient+test.swift */ = {isa = PBXFileReference; lastKnownFileType = sourcecode.swift; path = "AppInfoClient+test.swift"; sourceTree = "<group>"; };
		33C93FFB299D915600652558 /* RemoteDatabaseClient+test.swift */ = {isa = PBXFileReference; lastKnownFileType = sourcecode.swift; path = "RemoteDatabaseClient+test.swift"; sourceTree = "<group>"; };
		33C9401F299D987B00652558 /* waterTests.xctest */ = {isa = PBXFileReference; explicitFileType = wrapper.cfbundle; includeInIndex = 0; path = waterTests.xctest; sourceTree = BUILT_PRODUCTS_DIR; };
		33C94021299D987B00652558 /* AppReducerTests.swift */ = {isa = PBXFileReference; lastKnownFileType = sourcecode.swift; path = AppReducerTests.swift; sourceTree = "<group>"; };
		33C94028299D98AD00652558 /* ReadMeTests.swift */ = {isa = PBXFileReference; lastKnownFileType = sourcecode.swift; path = ReadMeTests.swift; sourceTree = "<group>"; };
		33EF681C299C1A2E005DBC8B /* water.app */ = {isa = PBXFileReference; explicitFileType = wrapper.application; includeInIndex = 0; path = water.app; sourceTree = BUILT_PRODUCTS_DIR; };
		33EF681F299C1A2E005DBC8B /* Main.swift */ = {isa = PBXFileReference; lastKnownFileType = sourcecode.swift; path = Main.swift; sourceTree = "<group>"; };
		33EF6823299C1A2F005DBC8B /* Assets.xcassets */ = {isa = PBXFileReference; lastKnownFileType = folder.assetcatalog; path = Assets.xcassets; sourceTree = "<group>"; };
		33EF6826299C1A2F005DBC8B /* Preview Assets.xcassets */ = {isa = PBXFileReference; lastKnownFileType = folder.assetcatalog; path = "Preview Assets.xcassets"; sourceTree = "<group>"; };
		33EF6830299C2859005DBC8B /* ReadMe.swift */ = {isa = PBXFileReference; lastKnownFileType = sourcecode.swift; path = ReadMe.swift; sourceTree = "<group>"; };
		33EF6834299C37E1005DBC8B /* CoordinateRegion.swift */ = {isa = PBXFileReference; lastKnownFileType = sourcecode.swift; path = CoordinateRegion.swift; sourceTree = "<group>"; };
		33EF6836299C399B005DBC8B /* Watersource.swift */ = {isa = PBXFileReference; lastKnownFileType = sourcecode.swift; path = Watersource.swift; sourceTree = "<group>"; };
		33EF6839299C3A11005DBC8B /* AppReducer.swift */ = {isa = PBXFileReference; lastKnownFileType = sourcecode.swift; path = AppReducer.swift; sourceTree = "<group>"; };
/* End PBXFileReference section */

/* Begin PBXFrameworksBuildPhase section */
		33C9401C299D987B00652558 /* Frameworks */ = {
			isa = PBXFrameworksBuildPhase;
			buildActionMask = 2147483647;
			files = (
			);
			runOnlyForDeploymentPostprocessing = 0;
		};
		33EF6819299C1A2E005DBC8B /* Frameworks */ = {
			isa = PBXFrameworksBuildPhase;
			buildActionMask = 2147483647;
			files = (
				33EF682F299C22CF005DBC8B /* ComposableArchitecture in Frameworks */,
			);
			runOnlyForDeploymentPostprocessing = 0;
		};
/* End PBXFrameworksBuildPhase section */

/* Begin PBXGroup section */
		33220B30299D720C000778DB /* AppInfoClient */ = {
			isa = PBXGroup;
			children = (
				33220B31299D7228000778DB /* _Models */,
				33220B34299D727A000778DB /* AppInfoClient.swift */,
				33220B36299D729B000778DB /* AppInfoClient+live.swift */,
				33C93FF9299D911400652558 /* AppInfoClient+test.swift */,
			);
			path = AppInfoClient;
			sourceTree = "<group>";
		};
		33220B31299D7228000778DB /* _Models */ = {
			isa = PBXGroup;
			children = (
				33220B32299D724C000778DB /* AppInfoClient.Author.swift */,
			);
			path = _Models;
			sourceTree = "<group>";
		};
		33220B38299D75B5000778DB /* _AppReducer */ = {
			isa = PBXGroup;
			children = (
				33EF6839299C3A11005DBC8B /* AppReducer.swift */,
			);
			path = _AppReducer;
			sourceTree = "<group>";
		};
		33220B39299D75BF000778DB /* ReadMe */ = {
			isa = PBXGroup;
			children = (
				33EF6830299C2859005DBC8B /* ReadMe.swift */,
			);
			path = ReadMe;
			sourceTree = "<group>";
		};
		33220B3A299D75C4000778DB /* Watersource */ = {
			isa = PBXGroup;
			children = (
				33EF6836299C399B005DBC8B /* Watersource.swift */,
			);
			path = Watersource;
			sourceTree = "<group>";
		};
		33220B3B299D75C9000778DB /* WatersourceDetails */ = {
			isa = PBXGroup;
			children = (
				3390C20B299C582E00BD627E /* WatersourceDetails.swift */,
			);
			path = WatersourceDetails;
			sourceTree = "<group>";
		};
		3390C200299C3A5A00BD627E /* Resources */ = {
			isa = PBXGroup;
			children = (
				33EF681F299C1A2E005DBC8B /* Main.swift */,
				33EF6823299C1A2F005DBC8B /* Assets.xcassets */,
			);
			path = Resources;
			sourceTree = "<group>";
		};
		3390C203299C3FF700BD627E /* RemoteDatabaseClient */ = {
			isa = PBXGroup;
			children = (
				3390C204299C404000BD627E /* _Models */,
				3390C201299C3FE700BD627E /* RemoteDatabaseClient.swift */,
				3390C207299C409500BD627E /* RemoteDatabaseClient+mock.swift */,
				33C93FFB299D915600652558 /* RemoteDatabaseClient+test.swift */,
			);
			path = RemoteDatabaseClient;
			sourceTree = "<group>";
		};
		3390C204299C404000BD627E /* _Models */ = {
			isa = PBXGroup;
			children = (
				3390C205299C405000BD627E /* RemoteDatabaseClient.Watersource.swift */,
			);
			path = _Models;
			sourceTree = "<group>";
		};
		33C94020299D987B00652558 /* waterTests */ = {
			isa = PBXGroup;
			children = (
				33C94021299D987B00652558 /* AppReducerTests.swift */,
				3377440F299E994B009F14AD /* WatersourceTests.swift */,
				33774411299E9961009F14AD /* WatersourceDetailsTests.swift */,
				33C94028299D98AD00652558 /* ReadMeTests.swift */,
			);
			path = waterTests;
			sourceTree = "<group>";
		};
		33EF6813299C1A2E005DBC8B = {
			isa = PBXGroup;
			children = (
				33EF681E299C1A2E005DBC8B /* water */,
				33C94020299D987B00652558 /* waterTests */,
				33EF681D299C1A2E005DBC8B /* Products */,
			);
			sourceTree = "<group>";
		};
		33EF681D299C1A2E005DBC8B /* Products */ = {
			isa = PBXGroup;
			children = (
				33EF681C299C1A2E005DBC8B /* water.app */,
				33C9401F299D987B00652558 /* waterTests.xctest */,
			);
			name = Products;
			sourceTree = "<group>";
		};
		33EF681E299C1A2E005DBC8B /* water */ = {
			isa = PBXGroup;
			children = (
				33EF6832299C37D4005DBC8B /* Dependencies */,
				33EF6838299C3A0A005DBC8B /* Features */,
				33EF6833299C37D9005DBC8B /* Models */,
				33EF6825299C1A2F005DBC8B /* Preview Content */,
				3390C200299C3A5A00BD627E /* Resources */,
			);
			path = water;
			sourceTree = "<group>";
		};
		33EF6825299C1A2F005DBC8B /* Preview Content */ = {
			isa = PBXGroup;
			children = (
				33EF6826299C1A2F005DBC8B /* Preview Assets.xcassets */,
			);
			path = "Preview Content";
			sourceTree = "<group>";
		};
		33EF6832299C37D4005DBC8B /* Dependencies */ = {
			isa = PBXGroup;
			children = (
				33220B30299D720C000778DB /* AppInfoClient */,
				3390C203299C3FF700BD627E /* RemoteDatabaseClient */,
			);
			path = Dependencies;
			sourceTree = "<group>";
		};
		33EF6833299C37D9005DBC8B /* Models */ = {
			isa = PBXGroup;
			children = (
				33EF6834299C37E1005DBC8B /* CoordinateRegion.swift */,
			);
			path = Models;
			sourceTree = "<group>";
		};
		33EF6838299C3A0A005DBC8B /* Features */ = {
			isa = PBXGroup;
			children = (
				33220B38299D75B5000778DB /* _AppReducer */,
				33220B39299D75BF000778DB /* ReadMe */,
				33220B3A299D75C4000778DB /* Watersource */,
				33220B3B299D75C9000778DB /* WatersourceDetails */,
			);
			path = Features;
			sourceTree = "<group>";
		};
/* End PBXGroup section */

/* Begin PBXNativeTarget section */
		33C9401E299D987B00652558 /* waterTests */ = {
			isa = PBXNativeTarget;
			buildConfigurationList = 33C94027299D987B00652558 /* Build configuration list for PBXNativeTarget "waterTests" */;
			buildPhases = (
				33C9401B299D987B00652558 /* Sources */,
				33C9401C299D987B00652558 /* Frameworks */,
				33C9401D299D987B00652558 /* Resources */,
			);
			buildRules = (
			);
			dependencies = (
				33C94024299D987B00652558 /* PBXTargetDependency */,
			);
			name = waterTests;
			productName = waterTests;
			productReference = 33C9401F299D987B00652558 /* waterTests.xctest */;
			productType = "com.apple.product-type.bundle.unit-test";
		};
		33EF681B299C1A2E005DBC8B /* water */ = {
			isa = PBXNativeTarget;
			buildConfigurationList = 33EF682A299C1A2F005DBC8B /* Build configuration list for PBXNativeTarget "water" */;
			buildPhases = (
				33EF6818299C1A2E005DBC8B /* Sources */,
				33EF6819299C1A2E005DBC8B /* Frameworks */,
				33EF681A299C1A2E005DBC8B /* Resources */,
			);
			buildRules = (
			);
			dependencies = (
			);
			name = water;
			packageProductDependencies = (
				33EF682E299C22CF005DBC8B /* ComposableArchitecture */,
			);
			productName = water;
			productReference = 33EF681C299C1A2E005DBC8B /* water.app */;
			productType = "com.apple.product-type.application";
		};
/* End PBXNativeTarget section */

/* Begin PBXProject section */
		33EF6814299C1A2E005DBC8B /* Project object */ = {
			isa = PBXProject;
			attributes = {
				BuildIndependentTargetsInParallel = 1;
				LastSwiftUpdateCheck = 1420;
				LastUpgradeCheck = 1420;
				TargetAttributes = {
					33C9401E299D987B00652558 = {
						CreatedOnToolsVersion = 14.2;
						TestTargetID = 33EF681B299C1A2E005DBC8B;
					};
					33EF681B299C1A2E005DBC8B = {
						CreatedOnToolsVersion = 14.2;
					};
				};
			};
			buildConfigurationList = 33EF6817299C1A2E005DBC8B /* Build configuration list for PBXProject "water" */;
			compatibilityVersion = "Xcode 14.0";
			developmentRegion = en;
			hasScannedForEncodings = 0;
			knownRegions = (
				en,
				Base,
			);
			mainGroup = 33EF6813299C1A2E005DBC8B;
			packageReferences = (
				33EF682D299C22CF005DBC8B /* XCRemoteSwiftPackageReference "swift-composable-architecture" */,
			);
			productRefGroup = 33EF681D299C1A2E005DBC8B /* Products */;
			projectDirPath = "";
			projectRoot = "";
			targets = (
				33EF681B299C1A2E005DBC8B /* water */,
				33C9401E299D987B00652558 /* waterTests */,
			);
		};
/* End PBXProject section */

/* Begin PBXResourcesBuildPhase section */
		33C9401D299D987B00652558 /* Resources */ = {
			isa = PBXResourcesBuildPhase;
			buildActionMask = 2147483647;
			files = (
			);
			runOnlyForDeploymentPostprocessing = 0;
		};
		33EF681A299C1A2E005DBC8B /* Resources */ = {
			isa = PBXResourcesBuildPhase;
			buildActionMask = 2147483647;
			files = (
				33EF6827299C1A2F005DBC8B /* Preview Assets.xcassets in Resources */,
				33EF6824299C1A2F005DBC8B /* Assets.xcassets in Resources */,
			);
			runOnlyForDeploymentPostprocessing = 0;
		};
/* End PBXResourcesBuildPhase section */

/* Begin PBXSourcesBuildPhase section */
		33C9401B299D987B00652558 /* Sources */ = {
			isa = PBXSourcesBuildPhase;
			buildActionMask = 2147483647;
			files = (
				33C94022299D987B00652558 /* AppReducerTests.swift in Sources */,
				33774412299E9961009F14AD /* WatersourceDetailsTests.swift in Sources */,
				33774410299E994B009F14AD /* WatersourceTests.swift in Sources */,
				33C94029299D98AD00652558 /* ReadMeTests.swift in Sources */,
			);
			runOnlyForDeploymentPostprocessing = 0;
		};
		33EF6818299C1A2E005DBC8B /* Sources */ = {
			isa = PBXSourcesBuildPhase;
			buildActionMask = 2147483647;
			files = (
				33EF6837299C399B005DBC8B /* Watersource.swift in Sources */,
				3390C202299C3FE700BD627E /* RemoteDatabaseClient.swift in Sources */,
				33EF6835299C37E1005DBC8B /* CoordinateRegion.swift in Sources */,
				33EF683A299C3A11005DBC8B /* AppReducer.swift in Sources */,
				3390C206299C405000BD627E /* RemoteDatabaseClient.Watersource.swift in Sources */,
				33C93FFC299D915600652558 /* RemoteDatabaseClient+test.swift in Sources */,
				33EF6820299C1A2E005DBC8B /* Main.swift in Sources */,
				33220B37299D729B000778DB /* AppInfoClient+live.swift in Sources */,
				33220B33299D724C000778DB /* AppInfoClient.Author.swift in Sources */,
				33220B35299D727A000778DB /* AppInfoClient.swift in Sources */,
				3390C20C299C582E00BD627E /* WatersourceDetails.swift in Sources */,
				33EF6831299C2859005DBC8B /* ReadMe.swift in Sources */,
				33C93FFA299D911400652558 /* AppInfoClient+test.swift in Sources */,
				3390C208299C409500BD627E /* RemoteDatabaseClient+mock.swift in Sources */,
			);
			runOnlyForDeploymentPostprocessing = 0;
		};
/* End PBXSourcesBuildPhase section */

/* Begin PBXTargetDependency section */
		33C94024299D987B00652558 /* PBXTargetDependency */ = {
			isa = PBXTargetDependency;
			target = 33EF681B299C1A2E005DBC8B /* water */;
			targetProxy = 33C94023299D987B00652558 /* PBXContainerItemProxy */;
		};
/* End PBXTargetDependency section */

/* Begin XCBuildConfiguration section */
		33C94025299D987B00652558 /* Debug */ = {
			isa = XCBuildConfiguration;
			buildSettings = {
				BUNDLE_LOADER = "$(TEST_HOST)";
				CODE_SIGN_STYLE = Automatic;
				CURRENT_PROJECT_VERSION = 1;
				DEVELOPMENT_TEAM = W6LQK45783;
				GENERATE_INFOPLIST_FILE = YES;
				MARKETING_VERSION = 1.0;
				PRODUCT_BUNDLE_IDENTIFIER = com.deda.waterTests;
				PRODUCT_NAME = "$(TARGET_NAME)";
				SWIFT_EMIT_LOC_STRINGS = NO;
				SWIFT_VERSION = 5.0;
				TARGETED_DEVICE_FAMILY = "1,2";
				TEST_HOST = "$(BUILT_PRODUCTS_DIR)/water.app/$(BUNDLE_EXECUTABLE_FOLDER_PATH)/water";
			};
			name = Debug;
		};
		33C94026299D987B00652558 /* Release */ = {
			isa = XCBuildConfiguration;
			buildSettings = {
				BUNDLE_LOADER = "$(TEST_HOST)";
				CODE_SIGN_STYLE = Automatic;
				CURRENT_PROJECT_VERSION = 1;
				DEVELOPMENT_TEAM = W6LQK45783;
				GENERATE_INFOPLIST_FILE = YES;
				MARKETING_VERSION = 1.0;
				PRODUCT_BUNDLE_IDENTIFIER = com.deda.waterTests;
				PRODUCT_NAME = "$(TARGET_NAME)";
				SWIFT_EMIT_LOC_STRINGS = NO;
				SWIFT_VERSION = 5.0;
				TARGETED_DEVICE_FAMILY = "1,2";
				TEST_HOST = "$(BUILT_PRODUCTS_DIR)/water.app/$(BUNDLE_EXECUTABLE_FOLDER_PATH)/water";
			};
			name = Release;
		};
		33EF6828299C1A2F005DBC8B /* Debug */ = {
			isa = XCBuildConfiguration;
			buildSettings = {
				ALWAYS_SEARCH_USER_PATHS = NO;
				CLANG_ANALYZER_NONNULL = YES;
				CLANG_ANALYZER_NUMBER_OBJECT_CONVERSION = YES_AGGRESSIVE;
				CLANG_CXX_LANGUAGE_STANDARD = "gnu++20";
				CLANG_ENABLE_MODULES = YES;
				CLANG_ENABLE_OBJC_ARC = YES;
				CLANG_ENABLE_OBJC_WEAK = YES;
				CLANG_WARN_BLOCK_CAPTURE_AUTORELEASING = YES;
				CLANG_WARN_BOOL_CONVERSION = YES;
				CLANG_WARN_COMMA = YES;
				CLANG_WARN_CONSTANT_CONVERSION = YES;
				CLANG_WARN_DEPRECATED_OBJC_IMPLEMENTATIONS = YES;
				CLANG_WARN_DIRECT_OBJC_ISA_USAGE = YES_ERROR;
				CLANG_WARN_DOCUMENTATION_COMMENTS = YES;
				CLANG_WARN_EMPTY_BODY = YES;
				CLANG_WARN_ENUM_CONVERSION = YES;
				CLANG_WARN_INFINITE_RECURSION = YES;
				CLANG_WARN_INT_CONVERSION = YES;
				CLANG_WARN_NON_LITERAL_NULL_CONVERSION = YES;
				CLANG_WARN_OBJC_IMPLICIT_RETAIN_SELF = YES;
				CLANG_WARN_OBJC_LITERAL_CONVERSION = YES;
				CLANG_WARN_OBJC_ROOT_CLASS = YES_ERROR;
				CLANG_WARN_QUOTED_INCLUDE_IN_FRAMEWORK_HEADER = YES;
				CLANG_WARN_RANGE_LOOP_ANALYSIS = YES;
				CLANG_WARN_STRICT_PROTOTYPES = YES;
				CLANG_WARN_SUSPICIOUS_MOVE = YES;
				CLANG_WARN_UNGUARDED_AVAILABILITY = YES_AGGRESSIVE;
				CLANG_WARN_UNREACHABLE_CODE = YES;
				CLANG_WARN__DUPLICATE_METHOD_MATCH = YES;
				COPY_PHASE_STRIP = NO;
				DEBUG_INFORMATION_FORMAT = dwarf;
				ENABLE_STRICT_OBJC_MSGSEND = YES;
				ENABLE_TESTABILITY = YES;
				GCC_C_LANGUAGE_STANDARD = gnu11;
				GCC_DYNAMIC_NO_PIC = NO;
				GCC_NO_COMMON_BLOCKS = YES;
				GCC_OPTIMIZATION_LEVEL = 0;
				GCC_PREPROCESSOR_DEFINITIONS = (
					"DEBUG=1",
					"$(inherited)",
				);
				GCC_WARN_64_TO_32_BIT_CONVERSION = YES;
				GCC_WARN_ABOUT_RETURN_TYPE = YES_ERROR;
				GCC_WARN_UNDECLARED_SELECTOR = YES;
				GCC_WARN_UNINITIALIZED_AUTOS = YES_AGGRESSIVE;
				GCC_WARN_UNUSED_FUNCTION = YES;
				GCC_WARN_UNUSED_VARIABLE = YES;
				IPHONEOS_DEPLOYMENT_TARGET = 16.2;
				MTL_ENABLE_DEBUG_INFO = INCLUDE_SOURCE;
				MTL_FAST_MATH = YES;
				ONLY_ACTIVE_ARCH = YES;
				SDKROOT = iphoneos;
				SWIFT_ACTIVE_COMPILATION_CONDITIONS = DEBUG;
				SWIFT_OPTIMIZATION_LEVEL = "-Onone";
			};
			name = Debug;
		};
		33EF6829299C1A2F005DBC8B /* Release */ = {
			isa = XCBuildConfiguration;
			buildSettings = {
				ALWAYS_SEARCH_USER_PATHS = NO;
				CLANG_ANALYZER_NONNULL = YES;
				CLANG_ANALYZER_NUMBER_OBJECT_CONVERSION = YES_AGGRESSIVE;
				CLANG_CXX_LANGUAGE_STANDARD = "gnu++20";
				CLANG_ENABLE_MODULES = YES;
				CLANG_ENABLE_OBJC_ARC = YES;
				CLANG_ENABLE_OBJC_WEAK = YES;
				CLANG_WARN_BLOCK_CAPTURE_AUTORELEASING = YES;
				CLANG_WARN_BOOL_CONVERSION = YES;
				CLANG_WARN_COMMA = YES;
				CLANG_WARN_CONSTANT_CONVERSION = YES;
				CLANG_WARN_DEPRECATED_OBJC_IMPLEMENTATIONS = YES;
				CLANG_WARN_DIRECT_OBJC_ISA_USAGE = YES_ERROR;
				CLANG_WARN_DOCUMENTATION_COMMENTS = YES;
				CLANG_WARN_EMPTY_BODY = YES;
				CLANG_WARN_ENUM_CONVERSION = YES;
				CLANG_WARN_INFINITE_RECURSION = YES;
				CLANG_WARN_INT_CONVERSION = YES;
				CLANG_WARN_NON_LITERAL_NULL_CONVERSION = YES;
				CLANG_WARN_OBJC_IMPLICIT_RETAIN_SELF = YES;
				CLANG_WARN_OBJC_LITERAL_CONVERSION = YES;
				CLANG_WARN_OBJC_ROOT_CLASS = YES_ERROR;
				CLANG_WARN_QUOTED_INCLUDE_IN_FRAMEWORK_HEADER = YES;
				CLANG_WARN_RANGE_LOOP_ANALYSIS = YES;
				CLANG_WARN_STRICT_PROTOTYPES = YES;
				CLANG_WARN_SUSPICIOUS_MOVE = YES;
				CLANG_WARN_UNGUARDED_AVAILABILITY = YES_AGGRESSIVE;
				CLANG_WARN_UNREACHABLE_CODE = YES;
				CLANG_WARN__DUPLICATE_METHOD_MATCH = YES;
				COPY_PHASE_STRIP = NO;
				DEBUG_INFORMATION_FORMAT = "dwarf-with-dsym";
				ENABLE_NS_ASSERTIONS = NO;
				ENABLE_STRICT_OBJC_MSGSEND = YES;
				GCC_C_LANGUAGE_STANDARD = gnu11;
				GCC_NO_COMMON_BLOCKS = YES;
				GCC_WARN_64_TO_32_BIT_CONVERSION = YES;
				GCC_WARN_ABOUT_RETURN_TYPE = YES_ERROR;
				GCC_WARN_UNDECLARED_SELECTOR = YES;
				GCC_WARN_UNINITIALIZED_AUTOS = YES_AGGRESSIVE;
				GCC_WARN_UNUSED_FUNCTION = YES;
				GCC_WARN_UNUSED_VARIABLE = YES;
				IPHONEOS_DEPLOYMENT_TARGET = 16.2;
				MTL_ENABLE_DEBUG_INFO = NO;
				MTL_FAST_MATH = YES;
				SDKROOT = iphoneos;
				SWIFT_COMPILATION_MODE = wholemodule;
				SWIFT_OPTIMIZATION_LEVEL = "-O";
				VALIDATE_PRODUCT = YES;
			};
			name = Release;
		};
		33EF682B299C1A2F005DBC8B /* Debug */ = {
			isa = XCBuildConfiguration;
			buildSettings = {
				ASSETCATALOG_COMPILER_APPICON_NAME = AppIcon;
				ASSETCATALOG_COMPILER_GLOBAL_ACCENT_COLOR_NAME = AccentColor;
				CODE_SIGN_STYLE = Automatic;
				CURRENT_PROJECT_VERSION = 1;
				DEVELOPMENT_ASSET_PATHS = "\"water/Preview Content\"";
				DEVELOPMENT_TEAM = W6LQK45783;
				ENABLE_PREVIEWS = YES;
				GENERATE_INFOPLIST_FILE = YES;
				INFOPLIST_KEY_UIApplicationSceneManifest_Generation = YES;
				INFOPLIST_KEY_UIApplicationSupportsIndirectInputEvents = YES;
				INFOPLIST_KEY_UILaunchScreen_Generation = YES;
				INFOPLIST_KEY_UISupportedInterfaceOrientations_iPad = "UIInterfaceOrientationPortrait UIInterfaceOrientationPortraitUpsideDown UIInterfaceOrientationLandscapeLeft UIInterfaceOrientationLandscapeRight";
				INFOPLIST_KEY_UISupportedInterfaceOrientations_iPhone = "UIInterfaceOrientationPortrait UIInterfaceOrientationLandscapeLeft UIInterfaceOrientationLandscapeRight";
				LD_RUNPATH_SEARCH_PATHS = (
					"$(inherited)",
					"@executable_path/Frameworks",
				);
				MARKETING_VERSION = 1.0;
				PRODUCT_BUNDLE_IDENTIFIER = com.deda.water;
				PRODUCT_NAME = "$(TARGET_NAME)";
				SWIFT_EMIT_LOC_STRINGS = YES;
				SWIFT_VERSION = 5.0;
				TARGETED_DEVICE_FAMILY = "1,2";
			};
			name = Debug;
		};
		33EF682C299C1A2F005DBC8B /* Release */ = {
			isa = XCBuildConfiguration;
			buildSettings = {
				ASSETCATALOG_COMPILER_APPICON_NAME = AppIcon;
				ASSETCATALOG_COMPILER_GLOBAL_ACCENT_COLOR_NAME = AccentColor;
				CODE_SIGN_STYLE = Automatic;
				CURRENT_PROJECT_VERSION = 1;
				DEVELOPMENT_ASSET_PATHS = "\"water/Preview Content\"";
				DEVELOPMENT_TEAM = W6LQK45783;
				ENABLE_PREVIEWS = YES;
				GENERATE_INFOPLIST_FILE = YES;
				INFOPLIST_KEY_UIApplicationSceneManifest_Generation = YES;
				INFOPLIST_KEY_UIApplicationSupportsIndirectInputEvents = YES;
				INFOPLIST_KEY_UILaunchScreen_Generation = YES;
				INFOPLIST_KEY_UISupportedInterfaceOrientations_iPad = "UIInterfaceOrientationPortrait UIInterfaceOrientationPortraitUpsideDown UIInterfaceOrientationLandscapeLeft UIInterfaceOrientationLandscapeRight";
				INFOPLIST_KEY_UISupportedInterfaceOrientations_iPhone = "UIInterfaceOrientationPortrait UIInterfaceOrientationLandscapeLeft UIInterfaceOrientationLandscapeRight";
				LD_RUNPATH_SEARCH_PATHS = (
					"$(inherited)",
					"@executable_path/Frameworks",
				);
				MARKETING_VERSION = 1.0;
				PRODUCT_BUNDLE_IDENTIFIER = com.deda.water;
				PRODUCT_NAME = "$(TARGET_NAME)";
				SWIFT_EMIT_LOC_STRINGS = YES;
				SWIFT_VERSION = 5.0;
				TARGETED_DEVICE_FAMILY = "1,2";
			};
			name = Release;
		};
/* End XCBuildConfiguration section */

/* Begin XCConfigurationList section */
		33C94027299D987B00652558 /* Build configuration list for PBXNativeTarget "waterTests" */ = {
			isa = XCConfigurationList;
			buildConfigurations = (
				33C94025299D987B00652558 /* Debug */,
				33C94026299D987B00652558 /* Release */,
			);
			defaultConfigurationIsVisible = 0;
			defaultConfigurationName = Release;
		};
		33EF6817299C1A2E005DBC8B /* Build configuration list for PBXProject "water" */ = {
			isa = XCConfigurationList;
			buildConfigurations = (
				33EF6828299C1A2F005DBC8B /* Debug */,
				33EF6829299C1A2F005DBC8B /* Release */,
			);
			defaultConfigurationIsVisible = 0;
			defaultConfigurationName = Release;
		};
		33EF682A299C1A2F005DBC8B /* Build configuration list for PBXNativeTarget "water" */ = {
			isa = XCConfigurationList;
			buildConfigurations = (
				33EF682B299C1A2F005DBC8B /* Debug */,
				33EF682C299C1A2F005DBC8B /* Release */,
			);
			defaultConfigurationIsVisible = 0;
			defaultConfigurationName = Release;
		};
/* End XCConfigurationList section */

/* Begin XCRemoteSwiftPackageReference section */
		33EF682D299C22CF005DBC8B /* XCRemoteSwiftPackageReference "swift-composable-architecture" */ = {
			isa = XCRemoteSwiftPackageReference;
			repositoryURL = "https://github.com/pointfreeco/swift-composable-architecture";
			requirement = {
				kind = upToNextMajorVersion;
				minimumVersion = 0.9.0;
			};
		};
/* End XCRemoteSwiftPackageReference section */

/* Begin XCSwiftPackageProductDependency section */
		33EF682E299C22CF005DBC8B /* ComposableArchitecture */ = {
			isa = XCSwiftPackageProductDependency;
			package = 33EF682D299C22CF005DBC8B /* XCRemoteSwiftPackageReference "swift-composable-architecture" */;
			productName = ComposableArchitecture;
		};
/* End XCSwiftPackageProductDependency section */
	};
	rootObject = 33EF6814299C1A2E005DBC8B /* Project object */;
}
